
Microsoft Visual Studio Solution File, Format Version 12.00
# Visual Studio Version 17
VisualStudioVersion = 17.4.33205.214
MinimumVisualStudioVersion = 10.0.40219.1
Project("{FAE04EC0-301F-11D3-BF4B-00C04F79EFBC}") = "BigTestProject", "BigTestProject\BigTestProject.csproj", "{52077441-6859-4DCD-B5B9-660B720F1126}"
EndProject
Global
	GlobalSection(SolutionConfigurationPlatforms) = preSolution
		Debug|Any CPU = Debug|Any CPU
		Release|Any CPU = Release|Any CPU
	EndGlobalSection
	GlobalSection(ProjectConfigurationPlatforms) = postSolution
		{52077441-6859-4DCD-B5B9-660B720F1126}.Debug|Any CPU.ActiveCfg = Debug|Any CPU
		{52077441-6859-4DCD-B5B9-660B720F1126}.Debug|Any CPU.Build.0 = Debug|Any CPU
		{52077441-6859-4DCD-B5B9-660B720F1126}.Release|Any CPU.ActiveCfg = Release|Any CPU
		{52077441-6859-4DCD-B5B9-660B720F1126}.Release|Any CPU.Build.0 = Release|Any CPU
	EndGlobalSection
	GlobalSection(SolutionProperties) = preSolution
		HideSolutionNode = FALSE
	EndGlobalSection
	GlobalSection(ExtensibilityGlobals) = postSolution
		SolutionGuid = {5687010F-1C8C-43D1-AE53-38D4957B584C}
	EndGlobalSection
EndGlobal
